// !$*UTF8*$!
{
	archiveVersion = 1;
	classes = {
	};
	objectVersion = 56;
	objects = {

/* Begin PBXBuildFile section */
		D36906F129A53BEF008EA2AE /* Global.swift in Sources */ = {isa = PBXBuildFile; fileRef = D36906F029A53BEF008EA2AE /* Global.swift */; };
		D3806678299CF2AB003B85F6 /* Location.swift in Sources */ = {isa = PBXBuildFile; fileRef = D3806677299CF2AB003B85F6 /* Location.swift */; };
		D380E0C329A26FA4007735E6 /* KeychainManager.swift in Sources */ = {isa = PBXBuildFile; fileRef = D380E0C229A26FA4007735E6 /* KeychainManager.swift */; };
		D385ED3B299BDFE700A8EB4C /* APIEnums.swift in Sources */ = {isa = PBXBuildFile; fileRef = D385ED3A299BDFE700A8EB4C /* APIEnums.swift */; };
		D385ED3D299BE15A00A8EB4C /* NetworkLayer.swift in Sources */ = {isa = PBXBuildFile; fileRef = D385ED3C299BE15A00A8EB4C /* NetworkLayer.swift */; };
		D399E5B8299AE19E00EA1F8B /* Heroe.swift in Sources */ = {isa = PBXBuildFile; fileRef = D399E5B7299AE19E00EA1F8B /* Heroe.swift */; };
		D39B6E0F299B93D7006A2662 /* Kingfisher in Frameworks */ = {isa = PBXBuildFile; productRef = D39B6E0E299B93D7006A2662 /* Kingfisher */; };
		D39B6E12299B9BBC006A2662 /* AppTabBar.swift in Sources */ = {isa = PBXBuildFile; fileRef = D39B6E11299B9BBC006A2662 /* AppTabBar.swift */; };
		D39B6E17299BA10F006A2662 /* ResourceName.swift in Sources */ = {isa = PBXBuildFile; fileRef = D39B6E16299BA10F006A2662 /* ResourceName.swift */; };
		D39B6E19299BA263006A2662 /* TextString.swift in Sources */ = {isa = PBXBuildFile; fileRef = D39B6E18299BA263006A2662 /* TextString.swift */; };
		D3A5F5F329A3E61800B40594 /* Heroes.xcdatamodeld in Sources */ = {isa = PBXBuildFile; fileRef = D3A5F5F129A3E61800B40594 /* Heroes.xcdatamodeld */; };
		D3A5F5F529A3F2DC00B40594 /* CoreDataManager.swift in Sources */ = {isa = PBXBuildFile; fileRef = D3A5F5F429A3F2DC00B40594 /* CoreDataManager.swift */; };
		D3A5F5F729A3F78700B40594 /* Heroes+CoreDataClass.swift in Sources */ = {isa = PBXBuildFile; fileRef = D3A5F5F629A3F78700B40594 /* Heroes+CoreDataClass.swift */; };
		D3A5F5FA29A4210900B40594 /* Tools.swift in Sources */ = {isa = PBXBuildFile; fileRef = D3A5F5F929A4210900B40594 /* Tools.swift */; };
		D3BE56C42996B7BA00B34527 /* AppDelegate.swift in Sources */ = {isa = PBXBuildFile; fileRef = D3BE56C32996B7BA00B34527 /* AppDelegate.swift */; };
		D3BE56C62996B7BA00B34527 /* SceneDelegate.swift in Sources */ = {isa = PBXBuildFile; fileRef = D3BE56C52996B7BA00B34527 /* SceneDelegate.swift */; };
		D3BE56CD2996B7BB00B34527 /* Assets.xcassets in Resources */ = {isa = PBXBuildFile; fileRef = D3BE56CC2996B7BB00B34527 /* Assets.xcassets */; };
		D3BE56D02996B7BB00B34527 /* LaunchScreen.storyboard in Resources */ = {isa = PBXBuildFile; fileRef = D3BE56CE2996B7BB00B34527 /* LaunchScreen.storyboard */; };
		D3BE56DB2996B7BB00B34527 /* PracticaIOSAvanzadoTests.swift in Sources */ = {isa = PBXBuildFile; fileRef = D3BE56DA2996B7BB00B34527 /* PracticaIOSAvanzadoTests.swift */; };
		D3BE56E52996B7BB00B34527 /* PracticaIOSAvanzadoUITests.swift in Sources */ = {isa = PBXBuildFile; fileRef = D3BE56E42996B7BB00B34527 /* PracticaIOSAvanzadoUITests.swift */; };
		D3BE56E72996B7BB00B34527 /* PracticaIOSAvanzadoUITestsLaunchTests.swift in Sources */ = {isa = PBXBuildFile; fileRef = D3BE56E62996B7BB00B34527 /* PracticaIOSAvanzadoUITestsLaunchTests.swift */; };
		D3BE56FA2996C10900B34527 /* LoginView.swift in Sources */ = {isa = PBXBuildFile; fileRef = D3BE56F92996C10900B34527 /* LoginView.swift */; };
		D3BE57002996C19B00B34527 /* LoginViewController.swift in Sources */ = {isa = PBXBuildFile; fileRef = D3BE56FF2996C19B00B34527 /* LoginViewController.swift */; };
		D3BE57022996C1BE00B34527 /* LoginViewModel.swift in Sources */ = {isa = PBXBuildFile; fileRef = D3BE57012996C1BE00B34527 /* LoginViewModel.swift */; };
		D3BE57052996C65200B34527 /* BaseViewController.swift in Sources */ = {isa = PBXBuildFile; fileRef = D3BE57042996C65200B34527 /* BaseViewController.swift */; };
		D3C5F337299A990C008BC1A4 /* DetailView.swift in Sources */ = {isa = PBXBuildFile; fileRef = D3C5F336299A990C008BC1A4 /* DetailView.swift */; };
		D3C5F339299A9937008BC1A4 /* DetailViewController.swift in Sources */ = {isa = PBXBuildFile; fileRef = D3C5F338299A9937008BC1A4 /* DetailViewController.swift */; };
		D3C5F33B299A995B008BC1A4 /* DetailViewModel.swift in Sources */ = {isa = PBXBuildFile; fileRef = D3C5F33A299A995B008BC1A4 /* DetailViewModel.swift */; };
		D3C5F33D299A99A9008BC1A4 /* ListView.swift in Sources */ = {isa = PBXBuildFile; fileRef = D3C5F33C299A99A9008BC1A4 /* ListView.swift */; };
		D3C5F340299A99DD008BC1A4 /* ListViewController.swift in Sources */ = {isa = PBXBuildFile; fileRef = D3C5F33F299A99DD008BC1A4 /* ListViewController.swift */; };
		D3C5F342299A9A06008BC1A4 /* ListViewModel.swift in Sources */ = {isa = PBXBuildFile; fileRef = D3C5F341299A9A06008BC1A4 /* ListViewModel.swift */; };
		D3C5F344299A9B96008BC1A4 /* MapView.swift in Sources */ = {isa = PBXBuildFile; fileRef = D3C5F343299A9B96008BC1A4 /* MapView.swift */; };
		D3C5F346299A9BF3008BC1A4 /* MapViewController.swift in Sources */ = {isa = PBXBuildFile; fileRef = D3C5F345299A9BF3008BC1A4 /* MapViewController.swift */; };
		D3C5F348299A9C19008BC1A4 /* MapViewModel.swift in Sources */ = {isa = PBXBuildFile; fileRef = D3C5F347299A9C19008BC1A4 /* MapViewModel.swift */; };
/* End PBXBuildFile section */

/* Begin PBXContainerItemProxy section */
		D3BE56D72996B7BB00B34527 /* PBXContainerItemProxy */ = {
			isa = PBXContainerItemProxy;
			containerPortal = D3BE56B82996B7BA00B34527 /* Project object */;
			proxyType = 1;
			remoteGlobalIDString = D3BE56BF2996B7BA00B34527;
			remoteInfo = PracticaIOSAvanzado;
		};
		D3BE56E12996B7BB00B34527 /* PBXContainerItemProxy */ = {
			isa = PBXContainerItemProxy;
			containerPortal = D3BE56B82996B7BA00B34527 /* Project object */;
			proxyType = 1;
			remoteGlobalIDString = D3BE56BF2996B7BA00B34527;
			remoteInfo = PracticaIOSAvanzado;
		};
/* End PBXContainerItemProxy section */

/* Begin PBXFileReference section */
		D36906F029A53BEF008EA2AE /* Global.swift */ = {isa = PBXFileReference; lastKnownFileType = sourcecode.swift; path = Global.swift; sourceTree = "<group>"; };
		D3806677299CF2AB003B85F6 /* Location.swift */ = {isa = PBXFileReference; lastKnownFileType = sourcecode.swift; path = Location.swift; sourceTree = "<group>"; };
		D380E0C229A26FA4007735E6 /* KeychainManager.swift */ = {isa = PBXFileReference; lastKnownFileType = sourcecode.swift; path = KeychainManager.swift; sourceTree = "<group>"; };
		D385ED3A299BDFE700A8EB4C /* APIEnums.swift */ = {isa = PBXFileReference; lastKnownFileType = sourcecode.swift; path = APIEnums.swift; sourceTree = "<group>"; };
		D385ED3C299BE15A00A8EB4C /* NetworkLayer.swift */ = {isa = PBXFileReference; lastKnownFileType = sourcecode.swift; path = NetworkLayer.swift; sourceTree = "<group>"; };
		D399E5B7299AE19E00EA1F8B /* Heroe.swift */ = {isa = PBXFileReference; lastKnownFileType = sourcecode.swift; path = Heroe.swift; sourceTree = "<group>"; };
		D39B6E11299B9BBC006A2662 /* AppTabBar.swift */ = {isa = PBXFileReference; lastKnownFileType = sourcecode.swift; path = AppTabBar.swift; sourceTree = "<group>"; };
		D39B6E16299BA10F006A2662 /* ResourceName.swift */ = {isa = PBXFileReference; lastKnownFileType = sourcecode.swift; path = ResourceName.swift; sourceTree = "<group>"; };
		D39B6E18299BA263006A2662 /* TextString.swift */ = {isa = PBXFileReference; lastKnownFileType = sourcecode.swift; path = TextString.swift; sourceTree = "<group>"; };
		D3A5F5F229A3E61800B40594 /* Heroes.xcdatamodel */ = {isa = PBXFileReference; lastKnownFileType = wrapper.xcdatamodel; path = Heroes.xcdatamodel; sourceTree = "<group>"; };
		D3A5F5F429A3F2DC00B40594 /* CoreDataManager.swift */ = {isa = PBXFileReference; lastKnownFileType = sourcecode.swift; path = CoreDataManager.swift; sourceTree = "<group>"; };
		D3A5F5F629A3F78700B40594 /* Heroes+CoreDataClass.swift */ = {isa = PBXFileReference; lastKnownFileType = sourcecode.swift; path = "Heroes+CoreDataClass.swift"; sourceTree = "<group>"; };
		D3A5F5F929A4210900B40594 /* Tools.swift */ = {isa = PBXFileReference; lastKnownFileType = sourcecode.swift; path = Tools.swift; sourceTree = "<group>"; };
		D3BE56C02996B7BA00B34527 /* PracticaIOSAvanzado.app */ = {isa = PBXFileReference; explicitFileType = wrapper.application; includeInIndex = 0; path = PracticaIOSAvanzado.app; sourceTree = BUILT_PRODUCTS_DIR; };
		D3BE56C32996B7BA00B34527 /* AppDelegate.swift */ = {isa = PBXFileReference; lastKnownFileType = sourcecode.swift; path = AppDelegate.swift; sourceTree = "<group>"; };
		D3BE56C52996B7BA00B34527 /* SceneDelegate.swift */ = {isa = PBXFileReference; lastKnownFileType = sourcecode.swift; path = SceneDelegate.swift; sourceTree = "<group>"; };
		D3BE56CC2996B7BB00B34527 /* Assets.xcassets */ = {isa = PBXFileReference; lastKnownFileType = folder.assetcatalog; path = Assets.xcassets; sourceTree = "<group>"; };
		D3BE56CF2996B7BB00B34527 /* Base */ = {isa = PBXFileReference; lastKnownFileType = file.storyboard; name = Base; path = Base.lproj/LaunchScreen.storyboard; sourceTree = "<group>"; };
		D3BE56D12996B7BB00B34527 /* Info.plist */ = {isa = PBXFileReference; lastKnownFileType = text.plist.xml; path = Info.plist; sourceTree = "<group>"; };
		D3BE56D62996B7BB00B34527 /* PracticaIOSAvanzadoTests.xctest */ = {isa = PBXFileReference; explicitFileType = wrapper.cfbundle; includeInIndex = 0; path = PracticaIOSAvanzadoTests.xctest; sourceTree = BUILT_PRODUCTS_DIR; };
		D3BE56DA2996B7BB00B34527 /* PracticaIOSAvanzadoTests.swift */ = {isa = PBXFileReference; lastKnownFileType = sourcecode.swift; path = PracticaIOSAvanzadoTests.swift; sourceTree = "<group>"; };
		D3BE56E02996B7BB00B34527 /* PracticaIOSAvanzadoUITests.xctest */ = {isa = PBXFileReference; explicitFileType = wrapper.cfbundle; includeInIndex = 0; path = PracticaIOSAvanzadoUITests.xctest; sourceTree = BUILT_PRODUCTS_DIR; };
		D3BE56E42996B7BB00B34527 /* PracticaIOSAvanzadoUITests.swift */ = {isa = PBXFileReference; lastKnownFileType = sourcecode.swift; path = PracticaIOSAvanzadoUITests.swift; sourceTree = "<group>"; };
		D3BE56E62996B7BB00B34527 /* PracticaIOSAvanzadoUITestsLaunchTests.swift */ = {isa = PBXFileReference; lastKnownFileType = sourcecode.swift; path = PracticaIOSAvanzadoUITestsLaunchTests.swift; sourceTree = "<group>"; };
		D3BE56F92996C10900B34527 /* LoginView.swift */ = {isa = PBXFileReference; lastKnownFileType = sourcecode.swift; path = LoginView.swift; sourceTree = "<group>"; };
		D3BE56FF2996C19B00B34527 /* LoginViewController.swift */ = {isa = PBXFileReference; lastKnownFileType = sourcecode.swift; path = LoginViewController.swift; sourceTree = "<group>"; };
		D3BE57012996C1BE00B34527 /* LoginViewModel.swift */ = {isa = PBXFileReference; lastKnownFileType = sourcecode.swift; path = LoginViewModel.swift; sourceTree = "<group>"; };
		D3BE57042996C65200B34527 /* BaseViewController.swift */ = {isa = PBXFileReference; lastKnownFileType = sourcecode.swift; path = BaseViewController.swift; sourceTree = "<group>"; };
		D3C5F336299A990C008BC1A4 /* DetailView.swift */ = {isa = PBXFileReference; lastKnownFileType = sourcecode.swift; path = DetailView.swift; sourceTree = "<group>"; };
		D3C5F338299A9937008BC1A4 /* DetailViewController.swift */ = {isa = PBXFileReference; lastKnownFileType = sourcecode.swift; path = DetailViewController.swift; sourceTree = "<group>"; };
		D3C5F33A299A995B008BC1A4 /* DetailViewModel.swift */ = {isa = PBXFileReference; lastKnownFileType = sourcecode.swift; path = DetailViewModel.swift; sourceTree = "<group>"; };
		D3C5F33C299A99A9008BC1A4 /* ListView.swift */ = {isa = PBXFileReference; lastKnownFileType = sourcecode.swift; path = ListView.swift; sourceTree = "<group>"; };
		D3C5F33F299A99DD008BC1A4 /* ListViewController.swift */ = {isa = PBXFileReference; lastKnownFileType = sourcecode.swift; path = ListViewController.swift; sourceTree = "<group>"; };
		D3C5F341299A9A06008BC1A4 /* ListViewModel.swift */ = {isa = PBXFileReference; lastKnownFileType = sourcecode.swift; path = ListViewModel.swift; sourceTree = "<group>"; };
		D3C5F343299A9B96008BC1A4 /* MapView.swift */ = {isa = PBXFileReference; lastKnownFileType = sourcecode.swift; path = MapView.swift; sourceTree = "<group>"; };
		D3C5F345299A9BF3008BC1A4 /* MapViewController.swift */ = {isa = PBXFileReference; lastKnownFileType = sourcecode.swift; path = MapViewController.swift; sourceTree = "<group>"; };
		D3C5F347299A9C19008BC1A4 /* MapViewModel.swift */ = {isa = PBXFileReference; lastKnownFileType = sourcecode.swift; path = MapViewModel.swift; sourceTree = "<group>"; };
/* End PBXFileReference section */

/* Begin PBXFrameworksBuildPhase section */
		D3BE56BD2996B7BA00B34527 /* Frameworks */ = {
			isa = PBXFrameworksBuildPhase;
			buildActionMask = 2147483647;
			files = (
				D39B6E0F299B93D7006A2662 /* Kingfisher in Frameworks */,
			);
			runOnlyForDeploymentPostprocessing = 0;
		};
		D3BE56D32996B7BB00B34527 /* Frameworks */ = {
			isa = PBXFrameworksBuildPhase;
			buildActionMask = 2147483647;
			files = (
			);
			runOnlyForDeploymentPostprocessing = 0;
		};
		D3BE56DD2996B7BB00B34527 /* Frameworks */ = {
			isa = PBXFrameworksBuildPhase;
			buildActionMask = 2147483647;
			files = (
			);
			runOnlyForDeploymentPostprocessing = 0;
		};
/* End PBXFrameworksBuildPhase section */

/* Begin PBXGroup section */
		D3836B61299C33C100700CF1 /* Keychain */ = {
			isa = PBXGroup;
			children = (
				D380E0C229A26FA4007735E6 /* KeychainManager.swift */,
			);
			path = Keychain;
			sourceTree = "<group>";
		};
		D39B6E10299B9B8E006A2662 /* TabBar */ = {
			isa = PBXGroup;
			children = (
				D39B6E11299B9BBC006A2662 /* AppTabBar.swift */,
			);
			path = TabBar;
			sourceTree = "<group>";
		};
		D39B6E15299BA0ED006A2662 /* Enums */ = {
			isa = PBXGroup;
			children = (
				D39B6E16299BA10F006A2662 /* ResourceName.swift */,
				D39B6E18299BA263006A2662 /* TextString.swift */,
			);
			path = Enums;
			sourceTree = "<group>";
		};
		D3A5F5F029A3E5FC00B40594 /* CoreData */ = {
			isa = PBXGroup;
			children = (
				D3A5F5F129A3E61800B40594 /* Heroes.xcdatamodeld */,
				D3A5F5F429A3F2DC00B40594 /* CoreDataManager.swift */,
				D3A5F5F629A3F78700B40594 /* Heroes+CoreDataClass.swift */,
			);
			path = CoreData;
			sourceTree = "<group>";
		};
		D3A5F5F829A420FB00B40594 /* Tools */ = {
			isa = PBXGroup;
			children = (
				D3A5F5F929A4210900B40594 /* Tools.swift */,
				D36906F029A53BEF008EA2AE /* Global.swift */,
			);
			path = Tools;
			sourceTree = "<group>";
		};
		D3BE56B72996B7BA00B34527 = {
			isa = PBXGroup;
			children = (
				D3BE56C22996B7BA00B34527 /* PracticaIOSAvanzado */,
				D3BE56D92996B7BB00B34527 /* PracticaIOSAvanzadoTests */,
				D3BE56E32996B7BB00B34527 /* PracticaIOSAvanzadoUITests */,
				D3BE56C12996B7BA00B34527 /* Products */,
			);
			sourceTree = "<group>";
		};
		D3BE56C12996B7BA00B34527 /* Products */ = {
			isa = PBXGroup;
			children = (
				D3BE56C02996B7BA00B34527 /* PracticaIOSAvanzado.app */,
				D3BE56D62996B7BB00B34527 /* PracticaIOSAvanzadoTests.xctest */,
				D3BE56E02996B7BB00B34527 /* PracticaIOSAvanzadoUITests.xctest */,
			);
			name = Products;
			sourceTree = "<group>";
		};
		D3BE56C22996B7BA00B34527 /* PracticaIOSAvanzado */ = {
			isa = PBXGroup;
			children = (
				D3A5F5F829A420FB00B40594 /* Tools */,
				D39B6E15299BA0ED006A2662 /* Enums */,
				D3BE56F52996B7DF00B34527 /* App */,
				D3BE56F42996B7D200B34527 /* Networking */,
				D3836B61299C33C100700CF1 /* Keychain */,
				D3A5F5F029A3E5FC00B40594 /* CoreData */,
				D3BE56F62996B7E600B34527 /* UI */,
				D3BE56CC2996B7BB00B34527 /* Assets.xcassets */,
				D3BE56D12996B7BB00B34527 /* Info.plist */,
			);
			path = PracticaIOSAvanzado;
			sourceTree = "<group>";
		};
		D3BE56D92996B7BB00B34527 /* PracticaIOSAvanzadoTests */ = {
			isa = PBXGroup;
			children = (
				D3BE56DA2996B7BB00B34527 /* PracticaIOSAvanzadoTests.swift */,
			);
			path = PracticaIOSAvanzadoTests;
			sourceTree = "<group>";
		};
		D3BE56E32996B7BB00B34527 /* PracticaIOSAvanzadoUITests */ = {
			isa = PBXGroup;
			children = (
				D3BE56E42996B7BB00B34527 /* PracticaIOSAvanzadoUITests.swift */,
				D3BE56E62996B7BB00B34527 /* PracticaIOSAvanzadoUITestsLaunchTests.swift */,
			);
			path = PracticaIOSAvanzadoUITests;
			sourceTree = "<group>";
		};
		D3BE56F42996B7D200B34527 /* Networking */ = {
			isa = PBXGroup;
			children = (
				D385ED3A299BDFE700A8EB4C /* APIEnums.swift */,
				D385ED3C299BE15A00A8EB4C /* NetworkLayer.swift */,
			);
			path = Networking;
			sourceTree = "<group>";
		};
		D3BE56F52996B7DF00B34527 /* App */ = {
			isa = PBXGroup;
			children = (
				D3BE56C32996B7BA00B34527 /* AppDelegate.swift */,
				D3BE56C52996B7BA00B34527 /* SceneDelegate.swift */,
			);
			path = App;
			sourceTree = "<group>";
		};
		D3BE56F62996B7E600B34527 /* UI */ = {
			isa = PBXGroup;
			children = (
				D3BE57032996C63B00B34527 /* BaseViewController */,
				D3BE56F72996B81F00B34527 /* BaseLaunch */,
				D39B6E10299B9B8E006A2662 /* TabBar */,
				D3BE56F82996BE4B00B34527 /* LogIn */,
				D3C5F328299A9811008BC1A4 /* List */,
				D3C5F327299A97E9008BC1A4 /* Detail */,
				D3C5F329299A9840008BC1A4 /* Map */,
			);
			path = UI;
			sourceTree = "<group>";
		};
		D3BE56F72996B81F00B34527 /* BaseLaunch */ = {
			isa = PBXGroup;
			children = (
				D3BE56CE2996B7BB00B34527 /* LaunchScreen.storyboard */,
			);
			path = BaseLaunch;
			sourceTree = "<group>";
		};
		D3BE56F82996BE4B00B34527 /* LogIn */ = {
			isa = PBXGroup;
			children = (
				D3BE56FE2996C13500B34527 /* MVVM */,
				D3BE56FD2996C12700B34527 /* Controller */,
				D3BE56FC2996C12000B34527 /* Model */,
				D3BE56FB2996C11700B34527 /* View */,
			);
			path = LogIn;
			sourceTree = "<group>";
		};
		D3BE56FB2996C11700B34527 /* View */ = {
			isa = PBXGroup;
			children = (
				D3BE56F92996C10900B34527 /* LoginView.swift */,
			);
			path = View;
			sourceTree = "<group>";
		};
		D3BE56FC2996C12000B34527 /* Model */ = {
			isa = PBXGroup;
			children = (
			);
			path = Model;
			sourceTree = "<group>";
		};
		D3BE56FD2996C12700B34527 /* Controller */ = {
			isa = PBXGroup;
			children = (
				D3BE56FF2996C19B00B34527 /* LoginViewController.swift */,
			);
			path = Controller;
			sourceTree = "<group>";
		};
		D3BE56FE2996C13500B34527 /* MVVM */ = {
			isa = PBXGroup;
			children = (
				D3BE57012996C1BE00B34527 /* LoginViewModel.swift */,
			);
			path = MVVM;
			sourceTree = "<group>";
		};
		D3BE57032996C63B00B34527 /* BaseViewController */ = {
			isa = PBXGroup;
			children = (
				D3BE57042996C65200B34527 /* BaseViewController.swift */,
			);
			path = BaseViewController;
			sourceTree = "<group>";
		};
		D3C5F327299A97E9008BC1A4 /* Detail */ = {
			isa = PBXGroup;
			children = (
				D3C5F331299A98B1008BC1A4 /* MVVM */,
				D3C5F330299A98AA008BC1A4 /* Controller */,
				D3C5F32F299A98A4008BC1A4 /* Model */,
				D3C5F32E299A9891008BC1A4 /* View */,
			);
			path = Detail;
			sourceTree = "<group>";
		};
		D3C5F328299A9811008BC1A4 /* List */ = {
			isa = PBXGroup;
			children = (
				D3C5F32D299A9886008BC1A4 /* MVVM */,
				D3C5F32C299A987F008BC1A4 /* Controller */,
				D3C5F32B299A9877008BC1A4 /* Model */,
				D3C5F32A299A9870008BC1A4 /* View */,
			);
			path = List;
			sourceTree = "<group>";
		};
		D3C5F329299A9840008BC1A4 /* Map */ = {
			isa = PBXGroup;
			children = (
				D3C5F335299A98CB008BC1A4 /* MVVM */,
				D3C5F334299A98C4008BC1A4 /* Controller */,
				D3C5F333299A98BE008BC1A4 /* Model */,
				D3C5F332299A98B9008BC1A4 /* View */,
			);
			path = Map;
			sourceTree = "<group>";
		};
		D3C5F32A299A9870008BC1A4 /* View */ = {
			isa = PBXGroup;
			children = (
				D3C5F33C299A99A9008BC1A4 /* ListView.swift */,
			);
			path = View;
			sourceTree = "<group>";
		};
		D3C5F32B299A9877008BC1A4 /* Model */ = {
			isa = PBXGroup;
			children = (
				D399E5B7299AE19E00EA1F8B /* Heroe.swift */,
			);
			path = Model;
			sourceTree = "<group>";
		};
		D3C5F32C299A987F008BC1A4 /* Controller */ = {
			isa = PBXGroup;
			children = (
				D3C5F33F299A99DD008BC1A4 /* ListViewController.swift */,
			);
			path = Controller;
			sourceTree = "<group>";
		};
		D3C5F32D299A9886008BC1A4 /* MVVM */ = {
			isa = PBXGroup;
			children = (
				D3C5F341299A9A06008BC1A4 /* ListViewModel.swift */,
			);
			path = MVVM;
			sourceTree = "<group>";
		};
		D3C5F32E299A9891008BC1A4 /* View */ = {
			isa = PBXGroup;
			children = (
				D3C5F336299A990C008BC1A4 /* DetailView.swift */,
			);
			path = View;
			sourceTree = "<group>";
		};
		D3C5F32F299A98A4008BC1A4 /* Model */ = {
			isa = PBXGroup;
			children = (
			);
			path = Model;
			sourceTree = "<group>";
		};
		D3C5F330299A98AA008BC1A4 /* Controller */ = {
			isa = PBXGroup;
			children = (
				D3C5F338299A9937008BC1A4 /* DetailViewController.swift */,
			);
			path = Controller;
			sourceTree = "<group>";
		};
		D3C5F331299A98B1008BC1A4 /* MVVM */ = {
			isa = PBXGroup;
			children = (
				D3C5F33A299A995B008BC1A4 /* DetailViewModel.swift */,
			);
			path = MVVM;
			sourceTree = "<group>";
		};
		D3C5F332299A98B9008BC1A4 /* View */ = {
			isa = PBXGroup;
			children = (
				D3C5F343299A9B96008BC1A4 /* MapView.swift */,
			);
			path = View;
			sourceTree = "<group>";
		};
		D3C5F333299A98BE008BC1A4 /* Model */ = {
			isa = PBXGroup;
			children = (
				D3806677299CF2AB003B85F6 /* Location.swift */,
			);
			path = Model;
			sourceTree = "<group>";
		};
		D3C5F334299A98C4008BC1A4 /* Controller */ = {
			isa = PBXGroup;
			children = (
				D3C5F345299A9BF3008BC1A4 /* MapViewController.swift */,
			);
			path = Controller;
			sourceTree = "<group>";
		};
		D3C5F335299A98CB008BC1A4 /* MVVM */ = {
			isa = PBXGroup;
			children = (
				D3C5F347299A9C19008BC1A4 /* MapViewModel.swift */,
			);
			path = MVVM;
			sourceTree = "<group>";
		};
/* End PBXGroup section */

/* Begin PBXNativeTarget section */
		D3BE56BF2996B7BA00B34527 /* PracticaIOSAvanzado */ = {
			isa = PBXNativeTarget;
			buildConfigurationList = D3BE56EA2996B7BB00B34527 /* Build configuration list for PBXNativeTarget "PracticaIOSAvanzado" */;
			buildPhases = (
				D3BE56BC2996B7BA00B34527 /* Sources */,
				D3BE56BD2996B7BA00B34527 /* Frameworks */,
				D3BE56BE2996B7BA00B34527 /* Resources */,
			);
			buildRules = (
			);
			dependencies = (
			);
			name = PracticaIOSAvanzado;
			packageProductDependencies = (
				D39B6E0E299B93D7006A2662 /* Kingfisher */,
			);
			productName = PracticaIOSAvanzado;
			productReference = D3BE56C02996B7BA00B34527 /* PracticaIOSAvanzado.app */;
			productType = "com.apple.product-type.application";
		};
		D3BE56D52996B7BB00B34527 /* PracticaIOSAvanzadoTests */ = {
			isa = PBXNativeTarget;
			buildConfigurationList = D3BE56ED2996B7BB00B34527 /* Build configuration list for PBXNativeTarget "PracticaIOSAvanzadoTests" */;
			buildPhases = (
				D3BE56D22996B7BB00B34527 /* Sources */,
				D3BE56D32996B7BB00B34527 /* Frameworks */,
				D3BE56D42996B7BB00B34527 /* Resources */,
			);
			buildRules = (
			);
			dependencies = (
				D3BE56D82996B7BB00B34527 /* PBXTargetDependency */,
			);
			name = PracticaIOSAvanzadoTests;
			productName = PracticaIOSAvanzadoTests;
			productReference = D3BE56D62996B7BB00B34527 /* PracticaIOSAvanzadoTests.xctest */;
			productType = "com.apple.product-type.bundle.unit-test";
		};
		D3BE56DF2996B7BB00B34527 /* PracticaIOSAvanzadoUITests */ = {
			isa = PBXNativeTarget;
			buildConfigurationList = D3BE56F02996B7BB00B34527 /* Build configuration list for PBXNativeTarget "PracticaIOSAvanzadoUITests" */;
			buildPhases = (
				D3BE56DC2996B7BB00B34527 /* Sources */,
				D3BE56DD2996B7BB00B34527 /* Frameworks */,
				D3BE56DE2996B7BB00B34527 /* Resources */,
			);
			buildRules = (
			);
			dependencies = (
				D3BE56E22996B7BB00B34527 /* PBXTargetDependency */,
			);
			name = PracticaIOSAvanzadoUITests;
			productName = PracticaIOSAvanzadoUITests;
			productReference = D3BE56E02996B7BB00B34527 /* PracticaIOSAvanzadoUITests.xctest */;
			productType = "com.apple.product-type.bundle.ui-testing";
		};
/* End PBXNativeTarget section */

/* Begin PBXProject section */
		D3BE56B82996B7BA00B34527 /* Project object */ = {
			isa = PBXProject;
			attributes = {
				BuildIndependentTargetsInParallel = 1;
				LastSwiftUpdateCheck = 1410;
				LastUpgradeCheck = 1410;
				TargetAttributes = {
					D3BE56BF2996B7BA00B34527 = {
						CreatedOnToolsVersion = 14.1;
					};
					D3BE56D52996B7BB00B34527 = {
						CreatedOnToolsVersion = 14.1;
						TestTargetID = D3BE56BF2996B7BA00B34527;
					};
					D3BE56DF2996B7BB00B34527 = {
						CreatedOnToolsVersion = 14.1;
						TestTargetID = D3BE56BF2996B7BA00B34527;
					};
				};
			};
			buildConfigurationList = D3BE56BB2996B7BA00B34527 /* Build configuration list for PBXProject "PracticaIOSAvanzado" */;
			compatibilityVersion = "Xcode 14.0";
			developmentRegion = en;
			hasScannedForEncodings = 0;
			knownRegions = (
				en,
				Base,
			);
			mainGroup = D3BE56B72996B7BA00B34527;
			packageReferences = (
				D39B6E0D299B93D7006A2662 /* XCRemoteSwiftPackageReference "Kingfisher" */,
			);
			productRefGroup = D3BE56C12996B7BA00B34527 /* Products */;
			projectDirPath = "";
			projectRoot = "";
			targets = (
				D3BE56BF2996B7BA00B34527 /* PracticaIOSAvanzado */,
				D3BE56D52996B7BB00B34527 /* PracticaIOSAvanzadoTests */,
				D3BE56DF2996B7BB00B34527 /* PracticaIOSAvanzadoUITests */,
			);
		};
/* End PBXProject section */

/* Begin PBXResourcesBuildPhase section */
		D3BE56BE2996B7BA00B34527 /* Resources */ = {
			isa = PBXResourcesBuildPhase;
			buildActionMask = 2147483647;
			files = (
				D3BE56D02996B7BB00B34527 /* LaunchScreen.storyboard in Resources */,
				D3BE56CD2996B7BB00B34527 /* Assets.xcassets in Resources */,
			);
			runOnlyForDeploymentPostprocessing = 0;
		};
		D3BE56D42996B7BB00B34527 /* Resources */ = {
			isa = PBXResourcesBuildPhase;
			buildActionMask = 2147483647;
			files = (
			);
			runOnlyForDeploymentPostprocessing = 0;
		};
		D3BE56DE2996B7BB00B34527 /* Resources */ = {
			isa = PBXResourcesBuildPhase;
			buildActionMask = 2147483647;
			files = (
			);
			runOnlyForDeploymentPostprocessing = 0;
		};
/* End PBXResourcesBuildPhase section */

/* Begin PBXSourcesBuildPhase section */
		D3BE56BC2996B7BA00B34527 /* Sources */ = {
			isa = PBXSourcesBuildPhase;
			buildActionMask = 2147483647;
			files = (
				D385ED3D299BE15A00A8EB4C /* NetworkLayer.swift in Sources */,
				D39B6E12299B9BBC006A2662 /* AppTabBar.swift in Sources */,
				D39B6E19299BA263006A2662 /* TextString.swift in Sources */,
				D3C5F339299A9937008BC1A4 /* DetailViewController.swift in Sources */,
				D3C5F340299A99DD008BC1A4 /* ListViewController.swift in Sources */,
				D3C5F337299A990C008BC1A4 /* DetailView.swift in Sources */,
				D3C5F33B299A995B008BC1A4 /* DetailViewModel.swift in Sources */,
				D3BE56C42996B7BA00B34527 /* AppDelegate.swift in Sources */,
				D3BE57022996C1BE00B34527 /* LoginViewModel.swift in Sources */,
				D3C5F348299A9C19008BC1A4 /* MapViewModel.swift in Sources */,
				D3C5F344299A9B96008BC1A4 /* MapView.swift in Sources */,
				D3BE56FA2996C10900B34527 /* LoginView.swift in Sources */,
				D3806678299CF2AB003B85F6 /* Location.swift in Sources */,
				D385ED3B299BDFE700A8EB4C /* APIEnums.swift in Sources */,
				D3A5F5F329A3E61800B40594 /* Heroes.xcdatamodeld in Sources */,
				D3A5F5FA29A4210900B40594 /* Tools.swift in Sources */,
				D399E5B8299AE19E00EA1F8B /* Heroe.swift in Sources */,
				D3BE57002996C19B00B34527 /* LoginViewController.swift in Sources */,
				D3A5F5F729A3F78700B40594 /* Heroes+CoreDataClass.swift in Sources */,
				D3C5F342299A9A06008BC1A4 /* ListViewModel.swift in Sources */,
				D36906F129A53BEF008EA2AE /* Global.swift in Sources */,
				D3A5F5F529A3F2DC00B40594 /* CoreDataManager.swift in Sources */,
				D380E0C329A26FA4007735E6 /* KeychainManager.swift in Sources */,
				D3C5F33D299A99A9008BC1A4 /* ListView.swift in Sources */,
				D39B6E17299BA10F006A2662 /* ResourceName.swift in Sources */,
				D3BE57052996C65200B34527 /* BaseViewController.swift in Sources */,
				D3C5F346299A9BF3008BC1A4 /* MapViewController.swift in Sources */,
				D3BE56C62996B7BA00B34527 /* SceneDelegate.swift in Sources */,
			);
			runOnlyForDeploymentPostprocessing = 0;
		};
		D3BE56D22996B7BB00B34527 /* Sources */ = {
			isa = PBXSourcesBuildPhase;
			buildActionMask = 2147483647;
			files = (
				D3BE56DB2996B7BB00B34527 /* PracticaIOSAvanzadoTests.swift in Sources */,
			);
			runOnlyForDeploymentPostprocessing = 0;
		};
		D3BE56DC2996B7BB00B34527 /* Sources */ = {
			isa = PBXSourcesBuildPhase;
			buildActionMask = 2147483647;
			files = (
				D3BE56E52996B7BB00B34527 /* PracticaIOSAvanzadoUITests.swift in Sources */,
				D3BE56E72996B7BB00B34527 /* PracticaIOSAvanzadoUITestsLaunchTests.swift in Sources */,
			);
			runOnlyForDeploymentPostprocessing = 0;
		};
/* End PBXSourcesBuildPhase section */

/* Begin PBXTargetDependency section */
		D3BE56D82996B7BB00B34527 /* PBXTargetDependency */ = {
			isa = PBXTargetDependency;
			target = D3BE56BF2996B7BA00B34527 /* PracticaIOSAvanzado */;
			targetProxy = D3BE56D72996B7BB00B34527 /* PBXContainerItemProxy */;
		};
		D3BE56E22996B7BB00B34527 /* PBXTargetDependency */ = {
			isa = PBXTargetDependency;
			target = D3BE56BF2996B7BA00B34527 /* PracticaIOSAvanzado */;
			targetProxy = D3BE56E12996B7BB00B34527 /* PBXContainerItemProxy */;
		};
/* End PBXTargetDependency section */

/* Begin PBXVariantGroup section */
		D3BE56CE2996B7BB00B34527 /* LaunchScreen.storyboard */ = {
			isa = PBXVariantGroup;
			children = (
				D3BE56CF2996B7BB00B34527 /* Base */,
			);
			name = LaunchScreen.storyboard;
			sourceTree = "<group>";
		};
/* End PBXVariantGroup section */

/* Begin XCBuildConfiguration section */
		D3BE56E82996B7BB00B34527 /* Debug */ = {
			isa = XCBuildConfiguration;
			buildSettings = {
				ALWAYS_SEARCH_USER_PATHS = NO;
				CLANG_ANALYZER_NONNULL = YES;
				CLANG_ANALYZER_NUMBER_OBJECT_CONVERSION = YES_AGGRESSIVE;
				CLANG_CXX_LANGUAGE_STANDARD = "gnu++20";
				CLANG_ENABLE_MODULES = YES;
				CLANG_ENABLE_OBJC_ARC = YES;
				CLANG_ENABLE_OBJC_WEAK = YES;
				CLANG_WARN_BLOCK_CAPTURE_AUTORELEASING = YES;
				CLANG_WARN_BOOL_CONVERSION = YES;
				CLANG_WARN_COMMA = YES;
				CLANG_WARN_CONSTANT_CONVERSION = YES;
				CLANG_WARN_DEPRECATED_OBJC_IMPLEMENTATIONS = YES;
				CLANG_WARN_DIRECT_OBJC_ISA_USAGE = YES_ERROR;
				CLANG_WARN_DOCUMENTATION_COMMENTS = YES;
				CLANG_WARN_EMPTY_BODY = YES;
				CLANG_WARN_ENUM_CONVERSION = YES;
				CLANG_WARN_INFINITE_RECURSION = YES;
				CLANG_WARN_INT_CONVERSION = YES;
				CLANG_WARN_NON_LITERAL_NULL_CONVERSION = YES;
				CLANG_WARN_OBJC_IMPLICIT_RETAIN_SELF = YES;
				CLANG_WARN_OBJC_LITERAL_CONVERSION = YES;
				CLANG_WARN_OBJC_ROOT_CLASS = YES_ERROR;
				CLANG_WARN_QUOTED_INCLUDE_IN_FRAMEWORK_HEADER = YES;
				CLANG_WARN_RANGE_LOOP_ANALYSIS = YES;
				CLANG_WARN_STRICT_PROTOTYPES = YES;
				CLANG_WARN_SUSPICIOUS_MOVE = YES;
				CLANG_WARN_UNGUARDED_AVAILABILITY = YES_AGGRESSIVE;
				CLANG_WARN_UNREACHABLE_CODE = YES;
				CLANG_WARN__DUPLICATE_METHOD_MATCH = YES;
				COPY_PHASE_STRIP = NO;
				DEBUG_INFORMATION_FORMAT = dwarf;
				ENABLE_STRICT_OBJC_MSGSEND = YES;
				ENABLE_TESTABILITY = YES;
				GCC_C_LANGUAGE_STANDARD = gnu11;
				GCC_DYNAMIC_NO_PIC = NO;
				GCC_NO_COMMON_BLOCKS = YES;
				GCC_OPTIMIZATION_LEVEL = 0;
				GCC_PREPROCESSOR_DEFINITIONS = (
					"DEBUG=1",
					"$(inherited)",
				);
				GCC_WARN_64_TO_32_BIT_CONVERSION = YES;
				GCC_WARN_ABOUT_RETURN_TYPE = YES_ERROR;
				GCC_WARN_UNDECLARED_SELECTOR = YES;
				GCC_WARN_UNINITIALIZED_AUTOS = YES_AGGRESSIVE;
				GCC_WARN_UNUSED_FUNCTION = YES;
				GCC_WARN_UNUSED_VARIABLE = YES;
				IPHONEOS_DEPLOYMENT_TARGET = 16.1;
				MTL_ENABLE_DEBUG_INFO = INCLUDE_SOURCE;
				MTL_FAST_MATH = YES;
				ONLY_ACTIVE_ARCH = YES;
				SDKROOT = iphoneos;
				SWIFT_ACTIVE_COMPILATION_CONDITIONS = DEBUG;
				SWIFT_OPTIMIZATION_LEVEL = "-Onone";
			};
			name = Debug;
		};
		D3BE56E92996B7BB00B34527 /* Release */ = {
			isa = XCBuildConfiguration;
			buildSettings = {
				ALWAYS_SEARCH_USER_PATHS = NO;
				CLANG_ANALYZER_NONNULL = YES;
				CLANG_ANALYZER_NUMBER_OBJECT_CONVERSION = YES_AGGRESSIVE;
				CLANG_CXX_LANGUAGE_STANDARD = "gnu++20";
				CLANG_ENABLE_MODULES = YES;
				CLANG_ENABLE_OBJC_ARC = YES;
				CLANG_ENABLE_OBJC_WEAK = YES;
				CLANG_WARN_BLOCK_CAPTURE_AUTORELEASING = YES;
				CLANG_WARN_BOOL_CONVERSION = YES;
				CLANG_WARN_COMMA = YES;
				CLANG_WARN_CONSTANT_CONVERSION = YES;
				CLANG_WARN_DEPRECATED_OBJC_IMPLEMENTATIONS = YES;
				CLANG_WARN_DIRECT_OBJC_ISA_USAGE = YES_ERROR;
				CLANG_WARN_DOCUMENTATION_COMMENTS = YES;
				CLANG_WARN_EMPTY_BODY = YES;
				CLANG_WARN_ENUM_CONVERSION = YES;
				CLANG_WARN_INFINITE_RECURSION = YES;
				CLANG_WARN_INT_CONVERSION = YES;
				CLANG_WARN_NON_LITERAL_NULL_CONVERSION = YES;
				CLANG_WARN_OBJC_IMPLICIT_RETAIN_SELF = YES;
				CLANG_WARN_OBJC_LITERAL_CONVERSION = YES;
				CLANG_WARN_OBJC_ROOT_CLASS = YES_ERROR;
				CLANG_WARN_QUOTED_INCLUDE_IN_FRAMEWORK_HEADER = YES;
				CLANG_WARN_RANGE_LOOP_ANALYSIS = YES;
				CLANG_WARN_STRICT_PROTOTYPES = YES;
				CLANG_WARN_SUSPICIOUS_MOVE = YES;
				CLANG_WARN_UNGUARDED_AVAILABILITY = YES_AGGRESSIVE;
				CLANG_WARN_UNREACHABLE_CODE = YES;
				CLANG_WARN__DUPLICATE_METHOD_MATCH = YES;
				COPY_PHASE_STRIP = NO;
				DEBUG_INFORMATION_FORMAT = "dwarf-with-dsym";
				ENABLE_NS_ASSERTIONS = NO;
				ENABLE_STRICT_OBJC_MSGSEND = YES;
				GCC_C_LANGUAGE_STANDARD = gnu11;
				GCC_NO_COMMON_BLOCKS = YES;
				GCC_WARN_64_TO_32_BIT_CONVERSION = YES;
				GCC_WARN_ABOUT_RETURN_TYPE = YES_ERROR;
				GCC_WARN_UNDECLARED_SELECTOR = YES;
				GCC_WARN_UNINITIALIZED_AUTOS = YES_AGGRESSIVE;
				GCC_WARN_UNUSED_FUNCTION = YES;
				GCC_WARN_UNUSED_VARIABLE = YES;
				IPHONEOS_DEPLOYMENT_TARGET = 16.1;
				MTL_ENABLE_DEBUG_INFO = NO;
				MTL_FAST_MATH = YES;
				SDKROOT = iphoneos;
				SWIFT_COMPILATION_MODE = wholemodule;
				SWIFT_OPTIMIZATION_LEVEL = "-O";
				VALIDATE_PRODUCT = YES;
			};
			name = Release;
		};
		D3BE56EB2996B7BB00B34527 /* Debug */ = {
			isa = XCBuildConfiguration;
			buildSettings = {
				ASSETCATALOG_COMPILER_APPICON_NAME = AppIcon;
				ASSETCATALOG_COMPILER_GLOBAL_ACCENT_COLOR_NAME = AccentColor;
				CODE_SIGN_STYLE = Automatic;
				CURRENT_PROJECT_VERSION = 1;
				GENERATE_INFOPLIST_FILE = YES;
				INFOPLIST_FILE = PracticaIOSAvanzado/Info.plist;
				INFOPLIST_KEY_UIApplicationSupportsIndirectInputEvents = YES;
				INFOPLIST_KEY_UILaunchStoryboardName = LaunchScreen;
				INFOPLIST_KEY_UISupportedInterfaceOrientations_iPad = "UIInterfaceOrientationPortrait UIInterfaceOrientationPortraitUpsideDown UIInterfaceOrientationLandscapeLeft UIInterfaceOrientationLandscapeRight";
				INFOPLIST_KEY_UISupportedInterfaceOrientations_iPhone = "UIInterfaceOrientationPortrait UIInterfaceOrientationLandscapeLeft UIInterfaceOrientationLandscapeRight";
				LD_RUNPATH_SEARCH_PATHS = (
					"$(inherited)",
					"@executable_path/Frameworks",
				);
				MARKETING_VERSION = 1.0;
				PRODUCT_BUNDLE_IDENTIFIER = AlbertoJR.PracticaIOSAvanzado;
				PRODUCT_NAME = "$(TARGET_NAME)";
				SWIFT_EMIT_LOC_STRINGS = YES;
				SWIFT_VERSION = 5.0;
				TARGETED_DEVICE_FAMILY = "1,2";
			};
			name = Debug;
		};
		D3BE56EC2996B7BB00B34527 /* Release */ = {
			isa = XCBuildConfiguration;
			buildSettings = {
				ASSETCATALOG_COMPILER_APPICON_NAME = AppIcon;
				ASSETCATALOG_COMPILER_GLOBAL_ACCENT_COLOR_NAME = AccentColor;
				CODE_SIGN_STYLE = Automatic;
				CURRENT_PROJECT_VERSION = 1;
				GENERATE_INFOPLIST_FILE = YES;
				INFOPLIST_FILE = PracticaIOSAvanzado/Info.plist;
				INFOPLIST_KEY_UIApplicationSupportsIndirectInputEvents = YES;
				INFOPLIST_KEY_UILaunchStoryboardName = LaunchScreen;
				INFOPLIST_KEY_UISupportedInterfaceOrientations_iPad = "UIInterfaceOrientationPortrait UIInterfaceOrientationPortraitUpsideDown UIInterfaceOrientationLandscapeLeft UIInterfaceOrientationLandscapeRight";
				INFOPLIST_KEY_UISupportedInterfaceOrientations_iPhone = "UIInterfaceOrientationPortrait UIInterfaceOrientationLandscapeLeft UIInterfaceOrientationLandscapeRight";
				LD_RUNPATH_SEARCH_PATHS = (
					"$(inherited)",
					"@executable_path/Frameworks",
				);
				MARKETING_VERSION = 1.0;
				PRODUCT_BUNDLE_IDENTIFIER = AlbertoJR.PracticaIOSAvanzado;
				PRODUCT_NAME = "$(TARGET_NAME)";
				SWIFT_EMIT_LOC_STRINGS = YES;
				SWIFT_VERSION = 5.0;
				TARGETED_DEVICE_FAMILY = "1,2";
			};
			name = Release;
		};
		D3BE56EE2996B7BB00B34527 /* Debug */ = {
			isa = XCBuildConfiguration;
			buildSettings = {
				ALWAYS_EMBED_SWIFT_STANDARD_LIBRARIES = YES;
				BUNDLE_LOADER = "$(TEST_HOST)";
				CODE_SIGN_STYLE = Automatic;
				CURRENT_PROJECT_VERSION = 1;
				GENERATE_INFOPLIST_FILE = YES;
				IPHONEOS_DEPLOYMENT_TARGET = 16.1;
				MARKETING_VERSION = 1.0;
				PRODUCT_BUNDLE_IDENTIFIER = AlbertoJR.PracticaIOSAvanzadoTests;
				PRODUCT_NAME = "$(TARGET_NAME)";
				SWIFT_EMIT_LOC_STRINGS = NO;
				SWIFT_VERSION = 5.0;
				TARGETED_DEVICE_FAMILY = "1,2";
				TEST_HOST = "$(BUILT_PRODUCTS_DIR)/PracticaIOSAvanzado.app/$(BUNDLE_EXECUTABLE_FOLDER_PATH)/PracticaIOSAvanzado";
			};
			name = Debug;
		};
		D3BE56EF2996B7BB00B34527 /* Release */ = {
			isa = XCBuildConfiguration;
			buildSettings = {
				ALWAYS_EMBED_SWIFT_STANDARD_LIBRARIES = YES;
				BUNDLE_LOADER = "$(TEST_HOST)";
				CODE_SIGN_STYLE = Automatic;
				CURRENT_PROJECT_VERSION = 1;
				GENERATE_INFOPLIST_FILE = YES;
				IPHONEOS_DEPLOYMENT_TARGET = 16.1;
				MARKETING_VERSION = 1.0;
				PRODUCT_BUNDLE_IDENTIFIER = AlbertoJR.PracticaIOSAvanzadoTests;
				PRODUCT_NAME = "$(TARGET_NAME)";
				SWIFT_EMIT_LOC_STRINGS = NO;
				SWIFT_VERSION = 5.0;
				TARGETED_DEVICE_FAMILY = "1,2";
				TEST_HOST = "$(BUILT_PRODUCTS_DIR)/PracticaIOSAvanzado.app/$(BUNDLE_EXECUTABLE_FOLDER_PATH)/PracticaIOSAvanzado";
			};
			name = Release;
		};
		D3BE56F12996B7BB00B34527 /* Debug */ = {
			isa = XCBuildConfiguration;
			buildSettings = {
				ALWAYS_EMBED_SWIFT_STANDARD_LIBRARIES = YES;
				CODE_SIGN_STYLE = Automatic;
				CURRENT_PROJECT_VERSION = 1;
				GENERATE_INFOPLIST_FILE = YES;
				MARKETING_VERSION = 1.0;
				PRODUCT_BUNDLE_IDENTIFIER = AlbertoJR.PracticaIOSAvanzadoUITests;
				PRODUCT_NAME = "$(TARGET_NAME)";
				SWIFT_EMIT_LOC_STRINGS = NO;
				SWIFT_VERSION = 5.0;
				TARGETED_DEVICE_FAMILY = "1,2";
				TEST_TARGET_NAME = PracticaIOSAvanzado;
			};
			name = Debug;
		};
		D3BE56F22996B7BB00B34527 /* Release */ = {
			isa = XCBuildConfiguration;
			buildSettings = {
				ALWAYS_EMBED_SWIFT_STANDARD_LIBRARIES = YES;
				CODE_SIGN_STYLE = Automatic;
				CURRENT_PROJECT_VERSION = 1;
				GENERATE_INFOPLIST_FILE = YES;
				MARKETING_VERSION = 1.0;
				PRODUCT_BUNDLE_IDENTIFIER = AlbertoJR.PracticaIOSAvanzadoUITests;
				PRODUCT_NAME = "$(TARGET_NAME)";
				SWIFT_EMIT_LOC_STRINGS = NO;
				SWIFT_VERSION = 5.0;
				TARGETED_DEVICE_FAMILY = "1,2";
				TEST_TARGET_NAME = PracticaIOSAvanzado;
			};
			name = Release;
		};
/* End XCBuildConfiguration section */

/* Begin XCConfigurationList section */
		D3BE56BB2996B7BA00B34527 /* Build configuration list for PBXProject "PracticaIOSAvanzado" */ = {
			isa = XCConfigurationList;
			buildConfigurations = (
				D3BE56E82996B7BB00B34527 /* Debug */,
				D3BE56E92996B7BB00B34527 /* Release */,
			);
			defaultConfigurationIsVisible = 0;
			defaultConfigurationName = Release;
		};
		D3BE56EA2996B7BB00B34527 /* Build configuration list for PBXNativeTarget "PracticaIOSAvanzado" */ = {
			isa = XCConfigurationList;
			buildConfigurations = (
				D3BE56EB2996B7BB00B34527 /* Debug */,
				D3BE56EC2996B7BB00B34527 /* Release */,
			);
			defaultConfigurationIsVisible = 0;
			defaultConfigurationName = Release;
		};
		D3BE56ED2996B7BB00B34527 /* Build configuration list for PBXNativeTarget "PracticaIOSAvanzadoTests" */ = {
			isa = XCConfigurationList;
			buildConfigurations = (
				D3BE56EE2996B7BB00B34527 /* Debug */,
				D3BE56EF2996B7BB00B34527 /* Release */,
			);
			defaultConfigurationIsVisible = 0;
			defaultConfigurationName = Release;
		};
		D3BE56F02996B7BB00B34527 /* Build configuration list for PBXNativeTarget "PracticaIOSAvanzadoUITests" */ = {
			isa = XCConfigurationList;
			buildConfigurations = (
				D3BE56F12996B7BB00B34527 /* Debug */,
				D3BE56F22996B7BB00B34527 /* Release */,
			);
			defaultConfigurationIsVisible = 0;
			defaultConfigurationName = Release;
		};
/* End XCConfigurationList section */

/* Begin XCRemoteSwiftPackageReference section */
		D39B6E0D299B93D7006A2662 /* XCRemoteSwiftPackageReference "Kingfisher" */ = {
			isa = XCRemoteSwiftPackageReference;
			repositoryURL = "https://github.com/onevcat/Kingfisher";
			requirement = {
				branch = master;
				kind = branch;
			};
		};
/* End XCRemoteSwiftPackageReference section */

/* Begin XCSwiftPackageProductDependency section */
		D39B6E0E299B93D7006A2662 /* Kingfisher */ = {
			isa = XCSwiftPackageProductDependency;
			package = D39B6E0D299B93D7006A2662 /* XCRemoteSwiftPackageReference "Kingfisher" */;
			productName = Kingfisher;
		};
/* End XCSwiftPackageProductDependency section */

/* Begin XCVersionGroup section */
		D3A5F5F129A3E61800B40594 /* Heroes.xcdatamodeld */ = {
			isa = XCVersionGroup;
			children = (
				D3A5F5F229A3E61800B40594 /* Heroes.xcdatamodel */,
			);
			currentVersion = D3A5F5F229A3E61800B40594 /* Heroes.xcdatamodel */;
			path = Heroes.xcdatamodeld;
			sourceTree = "<group>";
			versionGroupType = wrapper.xcdatamodel;
		};
/* End XCVersionGroup section */
	};
	rootObject = D3BE56B82996B7BA00B34527 /* Project object */;
}
